
Microsoft Visual Studio Solution File, Format Version 12.00
# Visual Studio Version 17
VisualStudioVersion = 17.10.35122.118
MinimumVisualStudioVersion = 10.0.40219.1
Project("{FAE04EC0-301F-11D3-BF4B-00C04F79EFBC}") = "StructureSputnikTUI", "StructureSputnikTUI.csproj", "{E537F8A7-4C47-41FB-8AF5-BE6D56213A89}"
EndProject
Global
	GlobalSection(SolutionConfigurationPlatforms) = preSolution
		Debug|Any CPU = Debug|Any CPU
		Release|Any CPU = Release|Any CPU
	EndGlobalSection
	GlobalSection(ProjectConfigurationPlatforms) = postSolution
		{E537F8A7-4C47-41FB-8AF5-BE6D56213A89}.Debug|Any CPU.ActiveCfg = Debug|Any CPU
		{E537F8A7-4C47-41FB-8AF5-BE6D56213A89}.Debug|Any CPU.Build.0 = Debug|Any CPU
		{E537F8A7-4C47-41FB-8AF5-BE6D56213A89}.Release|Any CPU.ActiveCfg = Release|Any CPU
		{E537F8A7-4C47-41FB-8AF5-BE6D56213A89}.Release|Any CPU.Build.0 = Release|Any CPU
	EndGlobalSection
	GlobalSection(SolutionProperties) = preSolution
		HideSolutionNode = FALSE
	EndGlobalSection
	GlobalSection(ExtensibilityGlobals) = postSolution
		SolutionGuid = {991CC3F6-47A1-441C-B23C-181870F85018}
	EndGlobalSection
EndGlobal
